<Solution>
  <Folder Name="/Solution Items/">
    <File Path="Directory.Build.props" />
    <File Path="README.md" />
  </Folder>
  <!--
    Inter-service GraphQL contract tests (specs/25-integration-testing-strategy.md).
    The test project references the sibling service repositories by relative path; all
    TrackHub repositories must be cloned side-by-side with this one for the solution to build.
  -->
  <Folder Name="/src/">
    <Project Path="src/TrackHub.ServiceContracts.Harness/TrackHub.ServiceContracts.Harness.csproj" />
  </Folder>
  <Folder Name="/tests/">
    <Project Path="tests/TrackHub.ServiceContracts.Tests/TrackHub.ServiceContracts.Tests.csproj" />
  </Folder>
</Solution>
